
Microsoft Visual Studio Solution File, Format Version 12.00
# Visual Studio Version 16
VisualStudioVersion = 25.0.1705.0
MinimumVisualStudioVersion = 10.0.40219.1
Project("{FAE04EC0-301F-11D3-BF4B-00C04F79EFBC}") = "Cinema", "Cinema\Cinema.csproj", "{B6093A9E-745C-4D0F-A360-4D58452FFF5A}"
EndProject
Project("{FAE04EC0-301F-11D3-BF4B-00C04F79EFBC}") = "Cinema.DataAccess", "Cinema.DataAccess\Cinema.DataAccess.csproj", "{984C7992-7CF3-49FB-A16B-DFC4E6090097}"
EndProject
Project("{FAE04EC0-301F-11D3-BF4B-00C04F79EFBC}") = "Cinema.Models", "Cinema.Models\Cinema.Models.csproj", "{D145352F-79AB-42A0-807B-F1763E8F81E9}"
EndProject
Project("{FAE04EC0-301F-11D3-BF4B-00C04F79EFBC}") = "Cinema.Utility", "Cinema.Utility\Cinema.Utility.csproj", "{24FAB72D-B623-4686-BBBE-3B2B3EBD9CAF}"
EndProject
Global
	GlobalSection(SolutionConfigurationPlatforms) = preSolution
		Debug|Any CPU = Debug|Any CPU
		Release|Any CPU = Release|Any CPU
	EndGlobalSection
	GlobalSection(ProjectConfigurationPlatforms) = postSolution
		{B6093A9E-745C-4D0F-A360-4D58452FFF5A}.Debug|Any CPU.ActiveCfg = Debug|Any CPU
		{B6093A9E-745C-4D0F-A360-4D58452FFF5A}.Debug|Any CPU.Build.0 = Debug|Any CPU
		{B6093A9E-745C-4D0F-A360-4D58452FFF5A}.Release|Any CPU.ActiveCfg = Release|Any CPU
		{B6093A9E-745C-4D0F-A360-4D58452FFF5A}.Release|Any CPU.Build.0 = Release|Any CPU
		{984C7992-7CF3-49FB-A16B-DFC4E6090097}.Debug|Any CPU.ActiveCfg = Debug|Any CPU
		{984C7992-7CF3-49FB-A16B-DFC4E6090097}.Debug|Any CPU.Build.0 = Debug|Any CPU
		{984C7992-7CF3-49FB-A16B-DFC4E6090097}.Release|Any CPU.ActiveCfg = Release|Any CPU
		{984C7992-7CF3-49FB-A16B-DFC4E6090097}.Release|Any CPU.Build.0 = Release|Any CPU
		{D145352F-79AB-42A0-807B-F1763E8F81E9}.Debug|Any CPU.ActiveCfg = Debug|Any CPU
		{D145352F-79AB-42A0-807B-F1763E8F81E9}.Debug|Any CPU.Build.0 = Debug|Any CPU
		{D145352F-79AB-42A0-807B-F1763E8F81E9}.Release|Any CPU.ActiveCfg = Release|Any CPU
		{D145352F-79AB-42A0-807B-F1763E8F81E9}.Release|Any CPU.Build.0 = Release|Any CPU
		{24FAB72D-B623-4686-BBBE-3B2B3EBD9CAF}.Debug|Any CPU.ActiveCfg = Debug|Any CPU
		{24FAB72D-B623-4686-BBBE-3B2B3EBD9CAF}.Debug|Any CPU.Build.0 = Debug|Any CPU
		{24FAB72D-B623-4686-BBBE-3B2B3EBD9CAF}.Release|Any CPU.ActiveCfg = Release|Any CPU
		{24FAB72D-B623-4686-BBBE-3B2B3EBD9CAF}.Release|Any CPU.Build.0 = Release|Any CPU
	EndGlobalSection
	GlobalSection(SolutionProperties) = preSolution
		HideSolutionNode = FALSE
	EndGlobalSection
	GlobalSection(ExtensibilityGlobals) = postSolution
		SolutionGuid = {75B818E8-A4C9-4F85-BA82-D053C1B41A95}
	EndGlobalSection
EndGlobal
